
Microsoft Visual Studio Solution File, Format Version 12.00
# Visual Studio Version 17
VisualStudioVersion = 17.7.34018.315
MinimumVisualStudioVersion = 10.0.40219.1
Project("{FAE04EC0-301F-11D3-BF4B-00C04F79EFBC}") = "SBKA", "SBKA\SBKA.csproj", "{4ACD3338-AEC2-45AE-AEEB-03E1EF2EE4BE}"
EndProject
Global
	GlobalSection(SolutionConfigurationPlatforms) = preSolution
		Debug|Any CPU = Debug|Any CPU
		Release|Any CPU = Release|Any CPU
	EndGlobalSection
	GlobalSection(ProjectConfigurationPlatforms) = postSolution
		{4ACD3338-AEC2-45AE-AEEB-03E1EF2EE4BE}.Debug|Any CPU.ActiveCfg = Debug|Any CPU
		{4ACD3338-AEC2-45AE-AEEB-03E1EF2EE4BE}.Debug|Any CPU.Build.0 = Debug|Any CPU
		{4ACD3338-AEC2-45AE-AEEB-03E1EF2EE4BE}.Release|Any CPU.ActiveCfg = Release|Any CPU
		{4ACD3338-AEC2-45AE-AEEB-03E1EF2EE4BE}.Release|Any CPU.Build.0 = Release|Any CPU
	EndGlobalSection
	GlobalSection(SolutionProperties) = preSolution
		HideSolutionNode = FALSE
	EndGlobalSection
	GlobalSection(ExtensibilityGlobals) = postSolution
		SolutionGuid = {C801576E-11F5-47A8-8C48-03919830FC7F}
	EndGlobalSection
EndGlobal
